{
  "name": "zimjs",
  "version": "15.0.11",
  "lockfileVersion": 2,
  "requires": true,
  "packages": {
    "": {
      "name": "zimjs",
      "version": "15.0.11",
      "license": "ISC",
      "dependencies": {
        "@danzen/createjs": "^1.4.1"
      },
      "devDependencies": {
        "typescript": "^4.5.2"
      }
    },
    "node_modules/@danzen/createjs": {
      "version": "1.4.1",
      "resolved": "https://registry.npmjs.org/@danzen/createjs/-/createjs-1.4.1.tgz",
      "integrity": "sha512-SePzvkxOLakAO7sFlcZfLtMxhpk7qD0OQVXM1xOWTHvk5SMDUoIEWP4ntA/X07LO6zdLOMrD1Ki+yq2nQzbTMg=="
    },
    "node_modules/typescript": {
      "version": "4.9.5",
      "resolved": "https://registry.npmjs.org/typescript/-/typescript-4.9.5.tgz",
      "integrity": "sha512-1FXk9E2Hm+QzZQ7z+McJiHL4NW1F2EzMu9Nq9i3zAaGqibafqYwCVU6WyWAuyQRRzOlxou8xZSyXLEN8oKj24g==",
      "dev": true,
      "bin": {
        "tsc": "bin/tsc",
        "tsserver": "bin/tsserver"
      },
      "engines": {
        "node": ">=4.2.0"
      }
    }
  },
  "dependencies": {
    "@danzen/createjs": {
      "version": "1.4.1",
      "resolved": "https://registry.npmjs.org/@danzen/createjs/-/createjs-1.4.1.tgz",
      "integrity": "sha512-SePzvkxOLakAO7sFlcZfLtMxhpk7qD0OQVXM1xOWTHvk5SMDUoIEWP4ntA/X07LO6zdLOMrD1Ki+yq2nQzbTMg=="
    },
    "typescript": {
      "version": "4.9.5",
      "resolved": "https://registry.npmjs.org/typescript/-/typescript-4.9.5.tgz",
      "integrity": "sha512-1FXk9E2Hm+QzZQ7z+McJiHL4NW1F2EzMu9Nq9i3zAaGqibafqYwCVU6WyWAuyQRRzOlxou8xZSyXLEN8oKj24g==",
      "dev": true
    }
  }
}
